
Microsoft Visual Studio Solution File, Format Version 12.00
# Visual Studio Version 17
VisualStudioVersion = 17.11.35303.130
MinimumVisualStudioVersion = 10.0.40219.1
Project("{FAE04EC0-301F-11D3-BF4B-00C04F79EFBC}") = "лаба_2", "лаба_2\лаба_2.csproj", "{3DA169CA-9026-4CC6-BCB5-F0B706A9B003}"
EndProject
Global
	GlobalSection(SolutionConfigurationPlatforms) = preSolution
		Debug|Any CPU = Debug|Any CPU
		Release|Any CPU = Release|Any CPU
	EndGlobalSection
	GlobalSection(ProjectConfigurationPlatforms) = postSolution
		{3DA169CA-9026-4CC6-BCB5-F0B706A9B003}.Debug|Any CPU.ActiveCfg = Debug|Any CPU
		{3DA169CA-9026-4CC6-BCB5-F0B706A9B003}.Debug|Any CPU.Build.0 = Debug|Any CPU
		{3DA169CA-9026-4CC6-BCB5-F0B706A9B003}.Release|Any CPU.ActiveCfg = Release|Any CPU
		{3DA169CA-9026-4CC6-BCB5-F0B706A9B003}.Release|Any CPU.Build.0 = Release|Any CPU
	EndGlobalSection
	GlobalSection(SolutionProperties) = preSolution
		HideSolutionNode = FALSE
	EndGlobalSection
	GlobalSection(ExtensibilityGlobals) = postSolution
		SolutionGuid = {FBADC366-BE05-4BBE-8A55-8641EA7F62AE}
	EndGlobalSection
EndGlobal
